# THIS IS AN AUTOGENERATED FILE. DO NOT EDIT THIS FILE DIRECTLY.
# yarn lockfile v1


"@discordjs/collection@^0.1.6":
  "integrity" "sha512-utRNxnd9kSS2qhyivo9lMlt5qgAUasH2gb7BEOn6p0efFh24gjGomHzWKMAPn2hEReOPQZCJaRKoURwRotKucQ=="
  "resolved" "https://registry.npmjs.org/@discordjs/collection/-/collection-0.1.6.tgz"
  "version" "0.1.6"

"@discordjs/form-data@^3.0.1":
  "integrity" "sha512-ZfFsbgEXW71Rw/6EtBdrP5VxBJy4dthyC0tpQKGKmYFImlmmrykO14Za+BiIVduwjte0jXEBlhSKf0MWbFp9Eg=="
  "resolved" "https://registry.npmjs.org/@discordjs/form-data/-/form-data-3.0.1.tgz"
  "version" "3.0.1"
  dependencies:
    "asynckit" "^0.4.0"
    "combined-stream" "^1.0.8"
    "mime-types" "^2.1.12"

"@imfascinated/bat-framework@^0.0.23-DEV":
  "integrity" "sha512-Eq0pt5gm7UFbVZm1F8NkuzA3HeS23ctT9HMEi44uo2Topk8WNbqk2kCXIkD3EQSdC7TQNmjp8ZwrpAfZy5odBg=="
  "resolved" "https://registry.npmjs.org/@imfascinated/bat-framework/-/bat-framework-0.0.23-DEV.tgz"
  "version" "0.0.23-DEV"
  dependencies:
    "discord.js" "^12.5.1"
    "dotenv" "^8.2.0"
    "events" "^3.2.0"
    "glob" "^7.1.6"
    "mongoose" "^5.11.17"
    "ms" "^2.1.3"
    "typescript" "^4.1.5"
    "util" "^0.12.3"

"@types/bson@*", "@types/bson@1.x || 4.0.x":
  "integrity" "sha512-vVLwMUqhYJSQ/WKcE60eFqcyuWse5fGH+NMAXHuKrUAPoryq3ATxk5o4bgYNtg5aOM4APVg7Hnb3ASqUYG0PKg=="
  "resolved" "https://registry.npmjs.org/@types/bson/-/bson-4.0.5.tgz"
  "version" "4.0.5"
  dependencies:
    "@types/node" "*"

"@types/giphy-api@^2.0.2":
  "integrity" "sha512-tcYC4IcFs3FG9sGhGirQLl0ahyexxFJcgN0OKtkRXjwDoLgk7Si202aupgxFlC5pPUjJVFYD0e9Hv40psI6nnQ=="
  "resolved" "https://registry.npmjs.org/@types/giphy-api/-/giphy-api-2.0.2.tgz"
  "version" "2.0.2"

"@types/mongodb@^3.5.27":
  "integrity" "sha512-WcdpPJCakFzcWWD9juKoZbRtQxKIMYF/JIAM4JrNHrMcnJL6/a2NWjXxW7fo9hxboxxkg+icff8d7+WIEvKgYQ=="
  "resolved" "https://registry.npmjs.org/@types/mongodb/-/mongodb-3.6.20.tgz"
  "version" "3.6.20"
  dependencies:
    "@types/bson" "*"
    "@types/node" "*"

"@types/ms@^0.7.31":
  "integrity" "sha512-iiUgKzV9AuaEkZqkOLDIvlQiL6ltuZd9tGcW3gwpnX8JbuiuhFlEGmmFXEXkN50Cvq7Os88IY2v0dkDqXYWVgA=="
  "resolved" "https://registry.npmjs.org/@types/ms/-/ms-0.7.31.tgz"
  "version" "0.7.31"

"@types/node-os-utils@^1.2.0":
  "integrity" "sha512-sstDo2s8gQR/Qh2Bd6yNQ5xJv+D4ttyB9ZVjB3mBm3VkGl2RoqjV7fiw9mIHLbshHSRm2m8uf0XrIRQNWB/z6A=="
  "resolved" "https://registry.npmjs.org/@types/node-os-utils/-/node-os-utils-1.2.0.tgz"
  "version" "1.2.0"

"@types/node@*", "@types/node@^14.14.35":
  "integrity" "sha512-Lt+wj8NVPx0zUmUwumiVXapmaLUcAk3yPuHCFVXras9k5VT9TdhJqKqGVUQCD60OTMCl0qxJ57OiTL0Mic3Iag=="
  "resolved" "https://registry.npmjs.org/@types/node/-/node-14.14.35.tgz"
  "version" "14.14.35"

"@types/os-utils@^0.0.1":
  "integrity" "sha512-r5a1I4xr8e25GFiLdpHV+jHUawtbmtuCQHR1P3SH/Y1gmRy0KLjBVGe5uUkODU/6GntoGPhOu05jv+sBdAVpog=="
  "resolved" "https://registry.npmjs.org/@types/os-utils/-/os-utils-0.0.1.tgz"
  "version" "0.0.1"

"abort-controller@^3.0.0":
  "integrity" "sha512-h8lQ8tacZYnR3vNQTgibj+tODHI5/+l06Au2Pcriv/Gmet0eaj4TwWH41sO9wnHDiQsEj19q0drzdWdeAHtweg=="
  "resolved" "https://registry.npmjs.org/abort-controller/-/abort-controller-3.0.0.tgz"
  "version" "3.0.0"
  dependencies:
    "event-target-shim" "^5.0.0"

"asynckit@^0.4.0":
  "integrity" "sha1-x57Zf380y48robyXkLzDZkdLS3k="
  "resolved" "https://registry.npmjs.org/asynckit/-/asynckit-0.4.0.tgz"
  "version" "0.4.0"

"available-typed-arrays@^1.0.5":
  "integrity" "sha512-DMD0KiN46eipeziST1LPP/STfDU0sufISXmjSgvVsoU2tqxctQeASejWcfNtxYKqETM1UxQ8sp2OrSBWpHY6sw=="
  "resolved" "https://registry.npmjs.org/available-typed-arrays/-/available-typed-arrays-1.0.5.tgz"
  "version" "1.0.5"

"axios@^0.20.0":
  "integrity" "sha512-ANA4rr2BDcmmAQLOKft2fufrtuvlqR+cXNNinUmvfeSNCOF98PZL+7M/v1zIdGo7OLjEA9J2gXJL+j4zGsl0bA=="
  "resolved" "https://registry.npmjs.org/axios/-/axios-0.20.0.tgz"
  "version" "0.20.0"
  dependencies:
    "follow-redirects" "^1.10.0"

"axios@^0.21.0":
  "integrity" "sha512-dKQiRHxGD9PPRIUNIWvZhPTPpl1rf/OxTYKsqKUDjBwYylTvV7SjSHJb9ratfyzM6wCdLCOYLzs73qpg5c4iGA=="
  "resolved" "https://registry.npmjs.org/axios/-/axios-0.21.1.tgz"
  "version" "0.21.1"
  dependencies:
    "follow-redirects" "^1.10.0"

"balanced-match@^1.0.0":
  "integrity" "sha512-3oSeUO0TMV67hN1AmbXsK4yaqU7tjiHlbxRDZOpH0KW9+CeX4bRAaX0Anxt0tx2MrpRpWwQaPwIlISEJhYU5Pw=="
  "resolved" "https://registry.npmjs.org/balanced-match/-/balanced-match-1.0.2.tgz"
  "version" "1.0.2"

"bl@^2.2.1":
  "integrity" "sha512-6Pesp1w0DEX1N550i/uGV/TqucVL4AM/pgThFSN/Qq9si1/DF9aIHs1BxD8V/QU0HoeHO6cQRTAuYnLPKq1e4g=="
  "resolved" "https://registry.npmjs.org/bl/-/bl-2.2.1.tgz"
  "version" "2.2.1"
  dependencies:
    "readable-stream" "^2.3.5"
    "safe-buffer" "^5.1.1"

"bluebird@3.5.1":
  "integrity" "sha512-MKiLiV+I1AA596t9w1sQJ8jkiSr5+ZKi0WKrYGUn6d1Fx+Ij4tIj+m2WMQSGczs5jZVxV339chE8iwk6F64wjA=="
  "resolved" "https://registry.npmjs.org/bluebird/-/bluebird-3.5.1.tgz"
  "version" "3.5.1"

"brace-expansion@^1.1.7":
  "integrity" "sha512-iCuPHDFgrHX7H2vEI/5xpz07zSHB00TpugqhmYtVmMO6518mCuRMoOYFldEBl0g187ufozdaHgWKcYFb61qGiA=="
  "resolved" "https://registry.npmjs.org/brace-expansion/-/brace-expansion-1.1.11.tgz"
  "version" "1.1.11"
  dependencies:
    "balanced-match" "^1.0.0"
    "concat-map" "0.0.1"

"bson@^1.1.4":
  "integrity" "sha512-EvVNVeGo4tHxwi8L6bPj3y3itEvStdwvvlojVxxbyYfoaxJ6keLgrTuKdyfEAszFK+H3olzBuafE0yoh0D1gdg=="
  "resolved" "https://registry.npmjs.org/bson/-/bson-1.1.6.tgz"
  "version" "1.1.6"

"call-bind@^1.0.0", "call-bind@^1.0.2":
  "integrity" "sha512-7O+FbCihrB5WGbFYesctwmTKae6rOiIzmz1icreWJ+0aA7LJfuqhEso2T9ncpcFtzMQtzXf2QGGueWJGTYsqrA=="
  "resolved" "https://registry.npmjs.org/call-bind/-/call-bind-1.0.2.tgz"
  "version" "1.0.2"
  dependencies:
    "function-bind" "^1.1.1"
    "get-intrinsic" "^1.0.2"

"combined-stream@^1.0.8":
  "integrity" "sha512-FQN4MRfuJeHf7cBbBMJFXhKSDq+2kAArBlmRBvcvFE5BB1HZKXtSFASDhdlz9zOYwxh8lDdnvmMOe/+5cdoEdg=="
  "resolved" "https://registry.npmjs.org/combined-stream/-/combined-stream-1.0.8.tgz"
  "version" "1.0.8"
  dependencies:
    "delayed-stream" "~1.0.0"

"concat-map@0.0.1":
  "integrity" "sha1-2Klr13/Wjfd5OnMDajug1UBdR3s="
  "resolved" "https://registry.npmjs.org/concat-map/-/concat-map-0.0.1.tgz"
  "version" "0.0.1"

"core-util-is@~1.0.0":
  "integrity" "sha512-ZQBvi1DcpJ4GDqanjucZ2Hj3wEO5pZDS89BWbkcrvdxksJorwUDDZamX9ldFkp9aw2lmBDLgkObEA4DWNJ9FYQ=="
  "resolved" "https://registry.npmjs.org/core-util-is/-/core-util-is-1.0.3.tgz"
  "version" "1.0.3"

"debug@3.1.0":
  "integrity" "sha512-OX8XqP7/1a9cqkxYw2yXss15f26NKWBpDXQd0/uK/KPqdQhxbPa994hnzjcE2VqQpDslf55723cKPUOGSmMY3g=="
  "resolved" "https://registry.npmjs.org/debug/-/debug-3.1.0.tgz"
  "version" "3.1.0"
  dependencies:
    "ms" "2.0.0"

"define-properties@^1.1.3":
  "integrity" "sha512-3MqfYKj2lLzdMSf8ZIZE/V+Zuy+BgD6f164e8K2w7dgnpKArBDerGYpM46IYYcjnkdPNMjPk9A6VFB8+3SKlXQ=="
  "resolved" "https://registry.npmjs.org/define-properties/-/define-properties-1.1.3.tgz"
  "version" "1.1.3"
  dependencies:
    "object-keys" "^1.0.12"

"delayed-stream@~1.0.0":
  "integrity" "sha1-3zrhmayt+31ECqrgsp4icrJOxhk="
  "resolved" "https://registry.npmjs.org/delayed-stream/-/delayed-stream-1.0.0.tgz"
  "version" "1.0.0"

"denque@^1.4.1":
  "integrity" "sha512-XwE+iZ4D6ZUB7mfYRMb5wByE8L74HCn30FBN7sWnXksWc1LO1bPDl67pBR9o/kC4z/xSNAwkMYcGgqDV3BE3Hw=="
  "resolved" "https://registry.npmjs.org/denque/-/denque-1.5.1.tgz"
  "version" "1.5.1"

"discord.js@^12.5.1":
  "integrity" "sha512-VwZkVaUAIOB9mKdca0I5MefPMTQJTNg0qdgi1huF3iwsFwJ0L5s/Y69AQe+iPmjuV6j9rtKoG0Ta0n9vgEIL6w=="
  "resolved" "https://registry.npmjs.org/discord.js/-/discord.js-12.5.1.tgz"
  "version" "12.5.1"
  dependencies:
    "@discordjs/collection" "^0.1.6"
    "@discordjs/form-data" "^3.0.1"
    "abort-controller" "^3.0.0"
    "node-fetch" "^2.6.1"
    "prism-media" "^1.2.2"
    "setimmediate" "^1.0.5"
    "tweetnacl" "^1.0.3"
    "ws" "^7.3.1"

"dotenv@^8.2.0":
  "integrity" "sha512-8sJ78ElpbDJBHNeBzUbUVLsqKdccaa/BXF1uPTw3GrvQTBgrQrtObr2mUrE38vzYd8cEv+m/JBfDLioYcfXoaw=="
  "resolved" "https://registry.npmjs.org/dotenv/-/dotenv-8.2.0.tgz"
  "version" "8.2.0"

"erela.js-spotify@^1.2.0":
  "integrity" "sha512-FbkdVK7OquVzyNVl4aZ3AU6RHRrHzBpORGorK5q+L26y3hB/7ze9mQ7uiOa5PsskskELRWepoluqke3U8edbmQ=="
  "resolved" "https://registry.npmjs.org/erela.js-spotify/-/erela.js-spotify-1.2.0.tgz"
  "version" "1.2.0"
  dependencies:
    "axios" "^0.20.0"
    "erela.js" "^2.2.0"

"erela.js@^2.2.0", "erela.js@^2.3.2":
  "integrity" "sha512-HWNn171qizzE4cANntmDAhRQDSeN6UYxoRN6485b7HMA4azLZdOHu8GfHrbiJ9G2Im9lE2sOYXYOvltpm2Uq3w=="
  "resolved" "https://registry.npmjs.org/erela.js/-/erela.js-2.3.2.tgz"
  "version" "2.3.2"
  dependencies:
    "@discordjs/collection" "^0.1.6"
    "axios" "^0.21.0"
    "ws" "^7.3.1"

"es-abstract@^1.18.5":
  "integrity" "sha512-2vJ6tjA/UfqLm2MPs7jxVybLoB8i1t1Jd9R3kISld20sIxPcTbLuggQOUxeWeAvIUkduv/CfMjuh4WmiXr2v9w=="
  "resolved" "https://registry.npmjs.org/es-abstract/-/es-abstract-1.19.1.tgz"
  "version" "1.19.1"
  dependencies:
    "call-bind" "^1.0.2"
    "es-to-primitive" "^1.2.1"
    "function-bind" "^1.1.1"
    "get-intrinsic" "^1.1.1"
    "get-symbol-description" "^1.0.0"
    "has" "^1.0.3"
    "has-symbols" "^1.0.2"
    "internal-slot" "^1.0.3"
    "is-callable" "^1.2.4"
    "is-negative-zero" "^2.0.1"
    "is-regex" "^1.1.4"
    "is-shared-array-buffer" "^1.0.1"
    "is-string" "^1.0.7"
    "is-weakref" "^1.0.1"
    "object-inspect" "^1.11.0"
    "object-keys" "^1.1.1"
    "object.assign" "^4.1.2"
    "string.prototype.trimend" "^1.0.4"
    "string.prototype.trimstart" "^1.0.4"
    "unbox-primitive" "^1.0.1"

"es-to-primitive@^1.2.1":
  "integrity" "sha512-QCOllgZJtaUo9miYBcLChTUaHNjJF3PYs1VidD7AwiEj1kYxKeQTctLAezAOH5ZKRH0g2IgPn6KwB4IT8iRpvA=="
  "resolved" "https://registry.npmjs.org/es-to-primitive/-/es-to-primitive-1.2.1.tgz"
  "version" "1.2.1"
  dependencies:
    "is-callable" "^1.1.4"
    "is-date-object" "^1.0.1"
    "is-symbol" "^1.0.2"

"event-target-shim@^5.0.0":
  "integrity" "sha512-i/2XbnSz/uxRCU6+NdVJgKWDTM427+MqYbkQzD321DuCQJUqOuJKIA0IM2+W2xtYHdKOmZ4dR6fExsd4SXL+WQ=="
  "resolved" "https://registry.npmjs.org/event-target-shim/-/event-target-shim-5.0.1.tgz"
  "version" "5.0.1"

"events@^3.2.0":
  "integrity" "sha512-mQw+2fkQbALzQ7V0MY0IqdnXNOeTtP4r0lN9z7AAawCXgqea7bDii20AYrIBrFd/Hx0M2Ocz6S111CaFkUcb0Q=="
  "resolved" "https://registry.npmjs.org/events/-/events-3.3.0.tgz"
  "version" "3.3.0"

"follow-redirects@^1.10.0":
  "integrity" "sha512-DUgl6+HDzB0iEptNQEXLx/KhTmDb8tZUHSeLqpnjpknR70H0nC2t9N73BK6fN4hOvJ84pKlIQVQ4k5FFlBedKA=="
  "resolved" "https://registry.npmjs.org/follow-redirects/-/follow-redirects-1.13.3.tgz"
  "version" "1.13.3"

"foreach@^2.0.5":
  "integrity" "sha1-C+4AUBiusmDQo6865ljdATbsG5k="
  "resolved" "https://registry.npmjs.org/foreach/-/foreach-2.0.5.tgz"
  "version" "2.0.5"

"fs.realpath@^1.0.0":
  "integrity" "sha1-FQStJSMVjKpA20onh8sBQRmU6k8="
  "resolved" "https://registry.npmjs.org/fs.realpath/-/fs.realpath-1.0.0.tgz"
  "version" "1.0.0"

"function-bind@^1.1.1":
  "integrity" "sha512-yIovAzMX49sF8Yl58fSCWJ5svSLuaibPxXQJFLmBObTuCr0Mf1KiPopGM9NiFjiYBCbfaa2Fh6breQ6ANVTI0A=="
  "resolved" "https://registry.npmjs.org/function-bind/-/function-bind-1.1.1.tgz"
  "version" "1.1.1"

"get-intrinsic@^1.0.2", "get-intrinsic@^1.1.0", "get-intrinsic@^1.1.1":
  "integrity" "sha512-kWZrnVM42QCiEA2Ig1bG8zjoIMOgxWwYCEeNdwY6Tv/cOSeGpcoX4pXHfKUxNKVoArnrEr2e9srnAxxGIraS9Q=="
  "resolved" "https://registry.npmjs.org/get-intrinsic/-/get-intrinsic-1.1.1.tgz"
  "version" "1.1.1"
  dependencies:
    "function-bind" "^1.1.1"
    "has" "^1.0.3"
    "has-symbols" "^1.0.1"

"get-symbol-description@^1.0.0":
  "integrity" "sha512-2EmdH1YvIQiZpltCNgkuiUnyukzxM/R6NDJX31Ke3BG1Nq5b0S2PhX59UKi9vZpPDQVdqn+1IcaAwnzTT5vCjw=="
  "resolved" "https://registry.npmjs.org/get-symbol-description/-/get-symbol-description-1.0.0.tgz"
  "version" "1.0.0"
  dependencies:
    "call-bind" "^1.0.2"
    "get-intrinsic" "^1.1.1"

"giphy-api@^2.0.1":
  "integrity" "sha512-6FKx6y26W1OqPtEOohvr3MOqCcYWajmz/svrjWm6XW2eP9mHvcQoi4aFg5afCakVF2b7zVllP0aNF45CGHZn+A=="
  "resolved" "https://registry.npmjs.org/giphy-api/-/giphy-api-2.0.1.tgz"
  "version" "2.0.1"

"glob@^7.1.6":
  "integrity" "sha512-lmLf6gtyrPq8tTjSmrO94wBeQbFR3HbLHbuyD69wuyQkImp2hWqMGB47OX65FBkPffO641IP9jWa1z4ivqG26Q=="
  "resolved" "https://registry.npmjs.org/glob/-/glob-7.2.0.tgz"
  "version" "7.2.0"
  dependencies:
    "fs.realpath" "^1.0.0"
    "inflight" "^1.0.4"
    "inherits" "2"
    "minimatch" "^3.0.4"
    "once" "^1.3.0"
    "path-is-absolute" "^1.0.0"

"has-bigints@^1.0.1":
  "integrity" "sha512-LSBS2LjbNBTf6287JEbEzvJgftkF5qFkmCo9hDRpAzKhUOlJ+hx8dd4USs00SgsUNwc4617J9ki5YtEClM2ffA=="
  "resolved" "https://registry.npmjs.org/has-bigints/-/has-bigints-1.0.1.tgz"
  "version" "1.0.1"

"has-symbols@^1.0.1", "has-symbols@^1.0.2":
  "integrity" "sha512-chXa79rL/UC2KlX17jo3vRGz0azaWEx5tGqZg5pO3NUyEJVB17dMruQlzCCOfUvElghKcm5194+BCRvi2Rv/Gw=="
  "resolved" "https://registry.npmjs.org/has-symbols/-/has-symbols-1.0.2.tgz"
  "version" "1.0.2"

"has-tostringtag@^1.0.0":
  "integrity" "sha512-kFjcSNhnlGV1kyoGk7OXKSawH5JOb/LzUc5w9B02hOTO0dfFRjbHQKvg1d6cf3HbeUmtU9VbbV3qzZ2Teh97WQ=="
  "resolved" "https://registry.npmjs.org/has-tostringtag/-/has-tostringtag-1.0.0.tgz"
  "version" "1.0.0"
  dependencies:
    "has-symbols" "^1.0.2"

"has@^1.0.3":
  "integrity" "sha512-f2dvO0VU6Oej7RkWJGrehjbzMAjFp5/VKPp5tTpWIV4JHHZK1/BxbFRtf/siA2SWTe09caDmVtYYzWEIbBS4zw=="
  "resolved" "https://registry.npmjs.org/has/-/has-1.0.3.tgz"
  "version" "1.0.3"
  dependencies:
    "function-bind" "^1.1.1"

"inflight@^1.0.4":
  "integrity" "sha1-Sb1jMdfQLQwJvJEKEHW6gWW1bfk="
  "resolved" "https://registry.npmjs.org/inflight/-/inflight-1.0.6.tgz"
  "version" "1.0.6"
  dependencies:
    "once" "^1.3.0"
    "wrappy" "1"

"inherits@^2.0.3", "inherits@~2.0.3", "inherits@2":
  "integrity" "sha512-k/vGaX4/Yla3WzyMCvTQOXYeIHvqOKtnqBduzTHpzpQZzAskKMhZ2K+EnBiSM9zGSoIFeMpXKxa4dYeZIQqewQ=="
  "resolved" "https://registry.npmjs.org/inherits/-/inherits-2.0.4.tgz"
  "version" "2.0.4"

"internal-slot@^1.0.3":
  "integrity" "sha512-O0DB1JC/sPyZl7cIo78n5dR7eUSwwpYPiXRhTzNxZVAMUuB8vlnRFyLxdrVToks6XPLVnFfbzaVd5WLjhgg+vA=="
  "resolved" "https://registry.npmjs.org/internal-slot/-/internal-slot-1.0.3.tgz"
  "version" "1.0.3"
  dependencies:
    "get-intrinsic" "^1.1.0"
    "has" "^1.0.3"
    "side-channel" "^1.0.4"

"is-arguments@^1.0.4":
  "integrity" "sha512-8Q7EARjzEnKpt/PCD7e1cgUS0a6X8u5tdSiMqXhojOdoV9TsMsiO+9VLC5vAmO8N7/GmXn7yjR8qnA6bVAEzfA=="
  "resolved" "https://registry.npmjs.org/is-arguments/-/is-arguments-1.1.1.tgz"
  "version" "1.1.1"
  dependencies:
    "call-bind" "^1.0.2"
    "has-tostringtag" "^1.0.0"

"is-bigint@^1.0.1":
  "integrity" "sha512-zB9CruMamjym81i2JZ3UMn54PKGsQzsJeo6xvN3HJJ4CAsQNB6iRutp2To77OfCNuoxspsIhzaPoO1zyCEhFOg=="
  "resolved" "https://registry.npmjs.org/is-bigint/-/is-bigint-1.0.4.tgz"
  "version" "1.0.4"
  dependencies:
    "has-bigints" "^1.0.1"

"is-boolean-object@^1.1.0":
  "integrity" "sha512-gDYaKHJmnj4aWxyj6YHyXVpdQawtVLHU5cb+eztPGczf6cjuTdwve5ZIEfgXqH4e57An1D1AKf8CZ3kYrQRqYA=="
  "resolved" "https://registry.npmjs.org/is-boolean-object/-/is-boolean-object-1.1.2.tgz"
  "version" "1.1.2"
  dependencies:
    "call-bind" "^1.0.2"
    "has-tostringtag" "^1.0.0"

"is-callable@^1.1.4", "is-callable@^1.2.4":
  "integrity" "sha512-nsuwtxZfMX67Oryl9LCQ+upnC0Z0BgpwntpS89m1H/TLF0zNfzfLMV/9Wa/6MZsj0acpEjAO0KF1xT6ZdLl95w=="
  "resolved" "https://registry.npmjs.org/is-callable/-/is-callable-1.2.4.tgz"
  "version" "1.2.4"

"is-date-object@^1.0.1":
  "integrity" "sha512-9YQaSxsAiSwcvS33MBk3wTCVnWK+HhF8VZR2jRxehM16QcVOdHqPn4VPHmRK4lSr38n9JriurInLcP90xsYNfQ=="
  "resolved" "https://registry.npmjs.org/is-date-object/-/is-date-object-1.0.5.tgz"
  "version" "1.0.5"
  dependencies:
    "has-tostringtag" "^1.0.0"

"is-generator-function@^1.0.7":
  "integrity" "sha512-jsEjy9l3yiXEQ+PsXdmBwEPcOxaXWLspKdplFUVI9vq1iZgIekeC0L167qeu86czQaxed3q/Uzuw0swL0irL8A=="
  "resolved" "https://registry.npmjs.org/is-generator-function/-/is-generator-function-1.0.10.tgz"
  "version" "1.0.10"
  dependencies:
    "has-tostringtag" "^1.0.0"

"is-negative-zero@^2.0.1":
  "integrity" "sha512-dqJvarLawXsFbNDeJW7zAz8ItJ9cd28YufuuFzh0G8pNHjJMnY08Dv7sYX2uF5UpQOwieAeOExEYAWWfu7ZZUA=="
  "resolved" "https://registry.npmjs.org/is-negative-zero/-/is-negative-zero-2.0.2.tgz"
  "version" "2.0.2"

"is-number-object@^1.0.4":
  "integrity" "sha512-bEVOqiRcvo3zO1+G2lVMy+gkkEm9Yh7cDMRusKKu5ZJKPUYSJwICTKZrNKHA2EbSP0Tu0+6B/emsYNHZyn6K8g=="
  "resolved" "https://registry.npmjs.org/is-number-object/-/is-number-object-1.0.6.tgz"
  "version" "1.0.6"
  dependencies:
    "has-tostringtag" "^1.0.0"

"is-regex@^1.1.4":
  "integrity" "sha512-kvRdxDsxZjhzUX07ZnLydzS1TU/TJlTUHHY4YLL87e37oUA49DfkLqgy+VjFocowy29cKvcSiu+kIv728jTTVg=="
  "resolved" "https://registry.npmjs.org/is-regex/-/is-regex-1.1.4.tgz"
  "version" "1.1.4"
  dependencies:
    "call-bind" "^1.0.2"
    "has-tostringtag" "^1.0.0"

"is-shared-array-buffer@^1.0.1":
  "integrity" "sha512-IU0NmyknYZN0rChcKhRO1X8LYz5Isj/Fsqh8NJOSf+N/hCOTwy29F32Ik7a+QszE63IdvmwdTPDd6cZ5pg4cwA=="
  "resolved" "https://registry.npmjs.org/is-shared-array-buffer/-/is-shared-array-buffer-1.0.1.tgz"
  "version" "1.0.1"

"is-string@^1.0.5", "is-string@^1.0.7":
  "integrity" "sha512-tE2UXzivje6ofPW7l23cjDOMa09gb7xlAqG6jG5ej6uPV32TlWP3NKPigtaGeHNu9fohccRYvIiZMfOOnOYUtg=="
  "resolved" "https://registry.npmjs.org/is-string/-/is-string-1.0.7.tgz"
  "version" "1.0.7"
  dependencies:
    "has-tostringtag" "^1.0.0"

"is-symbol@^1.0.2", "is-symbol@^1.0.3":
  "integrity" "sha512-C/CPBqKWnvdcxqIARxyOh4v1UUEOCHpgDa0WYgpKDFMszcrPcffg5uhwSgPCLD2WWxmq6isisz87tzT01tuGhg=="
  "resolved" "https://registry.npmjs.org/is-symbol/-/is-symbol-1.0.4.tgz"
  "version" "1.0.4"
  dependencies:
    "has-symbols" "^1.0.2"

"is-typed-array@^1.1.3", "is-typed-array@^1.1.7":
  "integrity" "sha512-HqH41TNZq2fgtGT8WHVFVJhBVGuY3AnP3Q36K8JKXUxSxRgk/d+7NjmwG2vo2mYmXK8UYZKu0qH8bVP5gEisjA=="
  "resolved" "https://registry.npmjs.org/is-typed-array/-/is-typed-array-1.1.8.tgz"
  "version" "1.1.8"
  dependencies:
    "available-typed-arrays" "^1.0.5"
    "call-bind" "^1.0.2"
    "es-abstract" "^1.18.5"
    "foreach" "^2.0.5"
    "has-tostringtag" "^1.0.0"

"is-weakref@^1.0.1":
  "integrity" "sha512-qctsuLZmIQ0+vSSMfoVvyFe2+GSEvnmZ2ezTup1SBse9+twCCeial6EEi3Nc2KFcf6+qz2FBPnjXsk8xhKSaPQ=="
  "resolved" "https://registry.npmjs.org/is-weakref/-/is-weakref-1.0.2.tgz"
  "version" "1.0.2"
  dependencies:
    "call-bind" "^1.0.2"

"isarray@~1.0.0":
  "integrity" "sha1-u5NdSFgsuhaMBoNJV6VKPgcSTxE="
  "resolved" "https://registry.npmjs.org/isarray/-/isarray-1.0.0.tgz"
  "version" "1.0.0"

"kareem@2.3.2":
  "integrity" "sha512-STHz9P7X2L4Kwn72fA4rGyqyXdmrMSdxqHx9IXon/FXluXieaFA6KJ2upcHAHxQPQ0LeM/OjLrhFxifHewOALQ=="
  "resolved" "https://registry.npmjs.org/kareem/-/kareem-2.3.2.tgz"
  "version" "2.3.2"

"memory-pager@^1.0.2":
  "integrity" "sha512-ZS4Bp4r/Zoeq6+NLJpP+0Zzm0pR8whtGPf1XExKLJBAczGMnSi3It14OiNCStjQjM6NU1okjQGSxgEZN8eBYKg=="
  "resolved" "https://registry.npmjs.org/memory-pager/-/memory-pager-1.5.0.tgz"
  "version" "1.5.0"

"mime-db@1.46.0":
  "integrity" "sha512-svXaP8UQRZ5K7or+ZmfNhg2xX3yKDMUzqadsSqi4NCH/KomcH75MAMYAGVlvXn4+b/xOPhS3I2uHKRUzvjY7BQ=="
  "resolved" "https://registry.npmjs.org/mime-db/-/mime-db-1.46.0.tgz"
  "version" "1.46.0"

"mime-types@^2.1.12":
  "integrity" "sha512-Y/jMt/S5sR9OaqteJtslsFZKWOIIqMACsJSiHghlCAyhf7jfVYjKBmLiX8OgpWeW+fjJ2b+Az69aPFPkUOY6xQ=="
  "resolved" "https://registry.npmjs.org/mime-types/-/mime-types-2.1.29.tgz"
  "version" "2.1.29"
  dependencies:
    "mime-db" "1.46.0"

"minimatch@^3.0.4":
  "integrity" "sha512-yJHVQEhyqPLUTgt9B83PXu6W3rx4MvvHvSUvToogpwoGDOUQ+yDrR0HRot+yOCdCO7u4hX3pWft6kWBBcqh0UA=="
  "resolved" "https://registry.npmjs.org/minimatch/-/minimatch-3.0.4.tgz"
  "version" "3.0.4"
  dependencies:
    "brace-expansion" "^1.1.7"

"moment@^2.29.1":
  "integrity" "sha512-kHmoybcPV8Sqy59DwNDY3Jefr64lK/by/da0ViFcuA4DH0vQg5Q6Ze5VimxkfQNSC+Mls/Kx53s7TjP1RhFEDQ=="
  "resolved" "https://registry.npmjs.org/moment/-/moment-2.29.1.tgz"
  "version" "2.29.1"

"mongodb@3.7.3":
  "integrity" "sha512-Psm+g3/wHXhjBEktkxXsFMZvd3nemI0r3IPsE0bU+4//PnvNWKkzhZcEsbPcYiWqe8XqXJJEg4Tgtr7Raw67Yw=="
  "resolved" "https://registry.npmjs.org/mongodb/-/mongodb-3.7.3.tgz"
  "version" "3.7.3"
  dependencies:
    "bl" "^2.2.1"
    "bson" "^1.1.4"
    "denque" "^1.4.1"
    "optional-require" "^1.1.8"
    "safe-buffer" "^5.1.2"
  optionalDependencies:
    "saslprep" "^1.0.0"

"mongoose-legacy-pluralize@1.0.2":
  "integrity" "sha512-Yo/7qQU4/EyIS8YDFSeenIvXxZN+ld7YdV9LqFVQJzTLye8unujAWPZ4NWKfFA+RNjh+wvTWKY9Z3E5XM6ZZiQ=="
  "resolved" "https://registry.npmjs.org/mongoose-legacy-pluralize/-/mongoose-legacy-pluralize-1.0.2.tgz"
  "version" "1.0.2"

"mongoose@*", "mongoose@^5.11.17":
  "integrity" "sha512-j+BlQjjxgZg0iWn42kLeZTB91OejcxWpY2Z50bsZTiKJ7HHcEtcY21Godw496GMkBqJMTzmW7G/kZ04mW+Cb7Q=="
  "resolved" "https://registry.npmjs.org/mongoose/-/mongoose-5.13.14.tgz"
  "version" "5.13.14"
  dependencies:
    "@types/bson" "1.x || 4.0.x"
    "@types/mongodb" "^3.5.27"
    "bson" "^1.1.4"
    "kareem" "2.3.2"
    "mongodb" "3.7.3"
    "mongoose-legacy-pluralize" "1.0.2"
    "mpath" "0.8.4"
    "mquery" "3.2.5"
    "ms" "2.1.2"
    "optional-require" "1.0.x"
    "regexp-clone" "1.0.0"
    "safe-buffer" "5.2.1"
    "sift" "13.5.2"
    "sliced" "1.0.1"

"mpath@0.8.4":
  "integrity" "sha512-DTxNZomBcTWlrMW76jy1wvV37X/cNNxPW1y2Jzd4DZkAaC5ZGsm8bfGfNOthcDuRJujXLqiuS6o3Tpy0JEoh7g=="
  "resolved" "https://registry.npmjs.org/mpath/-/mpath-0.8.4.tgz"
  "version" "0.8.4"

"mquery@3.2.5":
  "integrity" "sha512-VjOKHHgU84wij7IUoZzFRU07IAxd5kWJaDmyUzQlbjHjyoeK5TNeeo8ZsFDtTYnSgpW6n/nMNIHvE3u8Lbrf4A=="
  "resolved" "https://registry.npmjs.org/mquery/-/mquery-3.2.5.tgz"
  "version" "3.2.5"
  dependencies:
    "bluebird" "3.5.1"
    "debug" "3.1.0"
    "regexp-clone" "^1.0.0"
    "safe-buffer" "5.1.2"
    "sliced" "1.0.1"

"ms@^2.1.3":
  "integrity" "sha512-6FlzubTLZG3J2a/NVCAleEhjzq5oxgHyaCU9yYXvcLsvoVaHJq/s5xXI6/XXP6tz7R9xAOtHnSO/tXtF3WRTlA=="
  "resolved" "https://registry.npmjs.org/ms/-/ms-2.1.3.tgz"
  "version" "2.1.3"

"ms@2.0.0":
  "integrity" "sha1-VgiurfwAvmwpAd9fmGF4jeDVl8g="
  "resolved" "https://registry.npmjs.org/ms/-/ms-2.0.0.tgz"
  "version" "2.0.0"

"ms@2.1.2":
  "integrity" "sha512-sGkPx+VjMtmA6MX27oA4FBFELFCZZ4S4XqeGOXCv68tT+jb3vk/RyaKWP0PTKyWtmLSM0b+adUTEvbs1PEaH2w=="
  "resolved" "https://registry.npmjs.org/ms/-/ms-2.1.2.tgz"
  "version" "2.1.2"

"node-fetch@^2.6.1":
  "integrity" "sha512-V4aYg89jEoVRxRb2fJdAg8FHvI7cEyYdVAh94HH0UIK8oJxUfkjlDQN9RbMx+bEjP7+ggMiFRprSti032Oipxw=="
  "resolved" "https://registry.npmjs.org/node-fetch/-/node-fetch-2.6.1.tgz"
  "version" "2.6.1"

"node-os-utils@^1.3.5":
  "integrity" "sha512-bIJIlk+hA+7/ATnu3sQMtF697iw9T/JksDhKMe9uENG0OhzIG7hLM6fbcyu18bOuajlYWnSlj0IhDo2q7k0ebg=="
  "resolved" "https://registry.npmjs.org/node-os-utils/-/node-os-utils-1.3.5.tgz"
  "version" "1.3.5"

"object-inspect@^1.11.0", "object-inspect@^1.9.0":
  "integrity" "sha512-Ho2z80bVIvJloH+YzRmpZVQe87+qASmBUKZDWgx9cu+KDrX2ZDH/3tMy+gXbZETVGs2M8YdxObOh7XAtim9Y0g=="
  "resolved" "https://registry.npmjs.org/object-inspect/-/object-inspect-1.12.0.tgz"
  "version" "1.12.0"

"object-keys@^1.0.12", "object-keys@^1.1.1":
  "integrity" "sha512-NuAESUOUMrlIXOfHKzD6bpPu3tYt3xvjNdRIQ+FeT0lNb4K8WR70CaDxhuNguS2XG+GjkyMwOzsN5ZktImfhLA=="
  "resolved" "https://registry.npmjs.org/object-keys/-/object-keys-1.1.1.tgz"
  "version" "1.1.1"

"object.assign@^4.1.2":
  "integrity" "sha512-ixT2L5THXsApyiUPYKmW+2EHpXXe5Ii3M+f4e+aJFAHao5amFRW6J0OO6c/LU8Be47utCx2GL89hxGB6XSmKuQ=="
  "resolved" "https://registry.npmjs.org/object.assign/-/object.assign-4.1.2.tgz"
  "version" "4.1.2"
  dependencies:
    "call-bind" "^1.0.0"
    "define-properties" "^1.1.3"
    "has-symbols" "^1.0.1"
    "object-keys" "^1.1.1"

"once@^1.3.0":
  "integrity" "sha1-WDsap3WWHUsROsF9nFC6753Xa9E="
  "resolved" "https://registry.npmjs.org/once/-/once-1.4.0.tgz"
  "version" "1.4.0"
  dependencies:
    "wrappy" "1"

"optional-require@^1.1.8":
  "integrity" "sha512-jq83qaUb0wNg9Krv1c5OQ+58EK+vHde6aBPzLvPPqJm89UQWsvSuFy9X/OSNJnFeSOKo7btE0n8Nl2+nE+z5nA=="
  "resolved" "https://registry.npmjs.org/optional-require/-/optional-require-1.1.8.tgz"
  "version" "1.1.8"
  dependencies:
    "require-at" "^1.0.6"

"optional-require@1.0.x":
  "integrity" "sha512-RV2Zp2MY2aeYK5G+B/Sps8lW5NHAzE5QClbFP15j+PWmP+T9PxlJXBOOLoSAdgwFvS4t0aMR4vpedMkbHfh0nA=="
  "resolved" "https://registry.npmjs.org/optional-require/-/optional-require-1.0.3.tgz"
  "version" "1.0.3"

"os-utils@^0.0.14":
  "integrity" "sha1-KeURaXsZgrjGJ3Ihdf45eX72QVY="
  "resolved" "https://registry.npmjs.org/os-utils/-/os-utils-0.0.14.tgz"
  "version" "0.0.14"

"path-is-absolute@^1.0.0":
  "integrity" "sha1-F0uSaHNVNP+8es5r9TpanhtcX18="
  "resolved" "https://registry.npmjs.org/path-is-absolute/-/path-is-absolute-1.0.1.tgz"
  "version" "1.0.1"

"prism-media@^1.2.2":
  "integrity" "sha512-UHCYuqHipbTR1ZsXr5eg4JUmHER8Ss4YEb9Azn+9zzJ7/jlTtD1h0lc4g6tNx3eMlB8Mp6bfll0LPMAV4R6r3Q=="
  "resolved" "https://registry.npmjs.org/prism-media/-/prism-media-1.2.9.tgz"
  "version" "1.2.9"

"process-nextick-args@~2.0.0":
  "integrity" "sha512-3ouUOpQhtgrbOa17J7+uxOTpITYWaGP7/AhoR3+A+/1e9skrzelGi/dXzEYyvbxubEF6Wn2ypscTKiKJFFn1ag=="
  "resolved" "https://registry.npmjs.org/process-nextick-args/-/process-nextick-args-2.0.1.tgz"
  "version" "2.0.1"

"readable-stream@^2.3.5":
  "integrity" "sha512-Ebho8K4jIbHAxnuxi7o42OrZgF/ZTNcsZj6nRKyUmkhLFq8CHItp/fy6hQZuZmP/n3yZ9VBUbp4zz/mX8hmYPw=="
  "resolved" "https://registry.npmjs.org/readable-stream/-/readable-stream-2.3.7.tgz"
  "version" "2.3.7"
  dependencies:
    "core-util-is" "~1.0.0"
    "inherits" "~2.0.3"
    "isarray" "~1.0.0"
    "process-nextick-args" "~2.0.0"
    "safe-buffer" "~5.1.1"
    "string_decoder" "~1.1.1"
    "util-deprecate" "~1.0.1"

"regexp-clone@^1.0.0", "regexp-clone@1.0.0":
  "integrity" "sha512-TuAasHQNamyyJ2hb97IuBEif4qBHGjPHBS64sZwytpLEqtBQ1gPJTnOaQ6qmpET16cK14kkjbazl6+p0RRv0yw=="
  "resolved" "https://registry.npmjs.org/regexp-clone/-/regexp-clone-1.0.0.tgz"
  "version" "1.0.0"

"require-at@^1.0.6":
  "integrity" "sha512-7i1auJbMUrXEAZCOQ0VNJgmcT2VOKPRl2YGJwgpHpC9CE91Mv4/4UYIUm4chGJaI381ZDq1JUicFii64Hapd8g=="
  "resolved" "https://registry.npmjs.org/require-at/-/require-at-1.0.6.tgz"
  "version" "1.0.6"

"safe-buffer@^5.1.1", "safe-buffer@^5.1.2", "safe-buffer@5.2.1":
  "integrity" "sha512-rp3So07KcdmmKbGvgaNxQSJr7bGVSVk5S9Eq1F+ppbRo70+YeaDxkw5Dd8NPN+GD6bjnYm2VuPuCXmpuYvmCXQ=="
  "resolved" "https://registry.npmjs.org/safe-buffer/-/safe-buffer-5.2.1.tgz"
  "version" "5.2.1"

"safe-buffer@~5.1.0":
  "integrity" "sha512-Gd2UZBJDkXlY7GbJxfsE8/nvKkUEU1G38c1siN6QP6a9PT9MmHB8GnpscSmMJSoF8LOIrt8ud/wPtojys4G6+g=="
  "resolved" "https://registry.npmjs.org/safe-buffer/-/safe-buffer-5.1.2.tgz"
  "version" "5.1.2"

"safe-buffer@~5.1.1":
  "integrity" "sha512-Gd2UZBJDkXlY7GbJxfsE8/nvKkUEU1G38c1siN6QP6a9PT9MmHB8GnpscSmMJSoF8LOIrt8ud/wPtojys4G6+g=="
  "resolved" "https://registry.npmjs.org/safe-buffer/-/safe-buffer-5.1.2.tgz"
  "version" "5.1.2"

"safe-buffer@5.1.2":
  "integrity" "sha512-Gd2UZBJDkXlY7GbJxfsE8/nvKkUEU1G38c1siN6QP6a9PT9MmHB8GnpscSmMJSoF8LOIrt8ud/wPtojys4G6+g=="
  "resolved" "https://registry.npmjs.org/safe-buffer/-/safe-buffer-5.1.2.tgz"
  "version" "5.1.2"

"saslprep@^1.0.0":
  "integrity" "sha512-/MY/PEMbk2SuY5sScONwhUDsV2p77Znkb/q3nSVstq/yQzYJOH/Azh29p9oJLsl3LnQwSvZDKagDGBsBwSooag=="
  "resolved" "https://registry.npmjs.org/saslprep/-/saslprep-1.0.3.tgz"
  "version" "1.0.3"
  dependencies:
    "sparse-bitfield" "^3.0.3"

"setimmediate@^1.0.5":
  "integrity" "sha1-KQy7Iy4waULX1+qbg3Mqt4VvgoU="
  "resolved" "https://registry.npmjs.org/setimmediate/-/setimmediate-1.0.5.tgz"
  "version" "1.0.5"

"side-channel@^1.0.4":
  "integrity" "sha512-q5XPytqFEIKHkGdiMIrY10mvLRvnQh42/+GoBlFW3b2LXLE2xxJpZFdm94we0BaoV3RwJyGqg5wS7epxTv0Zvw=="
  "resolved" "https://registry.npmjs.org/side-channel/-/side-channel-1.0.4.tgz"
  "version" "1.0.4"
  dependencies:
    "call-bind" "^1.0.0"
    "get-intrinsic" "^1.0.2"
    "object-inspect" "^1.9.0"

"sift@13.5.2":
  "integrity" "sha512-+gxdEOMA2J+AI+fVsCqeNn7Tgx3M9ZN9jdi95939l1IJ8cZsqS8sqpJyOkic2SJk+1+98Uwryt/gL6XDaV+UZA=="
  "resolved" "https://registry.npmjs.org/sift/-/sift-13.5.2.tgz"
  "version" "13.5.2"

"sliced@1.0.1":
  "integrity" "sha1-CzpmK10Ewxd7GSa+qCsD+Dei70E="
  "resolved" "https://registry.npmjs.org/sliced/-/sliced-1.0.1.tgz"
  "version" "1.0.1"

"sparse-bitfield@^3.0.3":
  "integrity" "sha1-/0rm5oZWBWuks+eSqzM004JzyhE="
  "resolved" "https://registry.npmjs.org/sparse-bitfield/-/sparse-bitfield-3.0.3.tgz"
  "version" "3.0.3"
  dependencies:
    "memory-pager" "^1.0.2"

"string_decoder@~1.1.1":
  "integrity" "sha512-n/ShnvDi6FHbbVfviro+WojiFzv+s8MPMHBczVePfUpDJLwoLT0ht1l4YwBCbi8pJAveEEdnkHyPyTP/mzRfwg=="
  "resolved" "https://registry.npmjs.org/string_decoder/-/string_decoder-1.1.1.tgz"
  "version" "1.1.1"
  dependencies:
    "safe-buffer" "~5.1.0"

"string.prototype.trimend@^1.0.4":
  "integrity" "sha512-y9xCjw1P23Awk8EvTpcyL2NIr1j7wJ39f+k6lvRnSMz+mz9CGz9NYPelDk42kOz6+ql8xjfK8oYzy3jAP5QU5A=="
  "resolved" "https://registry.npmjs.org/string.prototype.trimend/-/string.prototype.trimend-1.0.4.tgz"
  "version" "1.0.4"
  dependencies:
    "call-bind" "^1.0.2"
    "define-properties" "^1.1.3"

"string.prototype.trimstart@^1.0.4":
  "integrity" "sha512-jh6e984OBfvxS50tdY2nRZnoC5/mLFKOREQfw8t5yytkoUsJRNxvI/E39qu1sD0OtWI3OC0XgKSmcWwziwYuZw=="
  "resolved" "https://registry.npmjs.org/string.prototype.trimstart/-/string.prototype.trimstart-1.0.4.tgz"
  "version" "1.0.4"
  dependencies:
    "call-bind" "^1.0.2"
    "define-properties" "^1.1.3"

"tweetnacl@^1.0.3":
  "integrity" "sha512-6rt+RN7aOi1nGMyC4Xa5DdYiukl2UWCbcJft7YhxReBGQD7OAM8Pbxw6YMo4r2diNEA8FEmu32YOn9rhaiE5yw=="
  "resolved" "https://registry.npmjs.org/tweetnacl/-/tweetnacl-1.0.3.tgz"
  "version" "1.0.3"

"typescript@^4.1.5", "typescript@^4.2.3":
  "integrity" "sha512-qOcYwxaByStAWrBf4x0fibwZvMRG+r4cQoTjbPtUlrWjBHbmCAww1i448U0GJ+3cNNEtebDteo/cHOR3xJ4wEw=="
  "resolved" "https://registry.npmjs.org/typescript/-/typescript-4.2.3.tgz"
  "version" "4.2.3"

"unbox-primitive@^1.0.1":
  "integrity" "sha512-tZU/3NqK3dA5gpE1KtyiJUrEB0lxnGkMFHptJ7q6ewdZ8s12QrODwNbhIJStmJkd1QDXa1NRA8aF2A1zk/Ypyw=="
  "resolved" "https://registry.npmjs.org/unbox-primitive/-/unbox-primitive-1.0.1.tgz"
  "version" "1.0.1"
  dependencies:
    "function-bind" "^1.1.1"
    "has-bigints" "^1.0.1"
    "has-symbols" "^1.0.2"
    "which-boxed-primitive" "^1.0.2"

"util-deprecate@~1.0.1":
  "integrity" "sha1-RQ1Nyfpw3nMnYvvS1KKJgUGaDM8="
  "resolved" "https://registry.npmjs.org/util-deprecate/-/util-deprecate-1.0.2.tgz"
  "version" "1.0.2"

"util@^0.12.3":
  "integrity" "sha512-bxZ9qtSlGUWSOy9Qa9Xgk11kSslpuZwaxCg4sNIDj6FLucDab2JxnHwyNTCpHMtK1MjoQiWQ6DiUMZYbSrO+Sw=="
  "resolved" "https://registry.npmjs.org/util/-/util-0.12.4.tgz"
  "version" "0.12.4"
  dependencies:
    "inherits" "^2.0.3"
    "is-arguments" "^1.0.4"
    "is-generator-function" "^1.0.7"
    "is-typed-array" "^1.1.3"
    "safe-buffer" "^5.1.2"
    "which-typed-array" "^1.1.2"

"which-boxed-primitive@^1.0.2":
  "integrity" "sha512-bwZdv0AKLpplFY2KZRX6TvyuN7ojjr7lwkg6ml0roIy9YeuSr7JS372qlNW18UQYzgYK9ziGcerWqZOmEn9VNg=="
  "resolved" "https://registry.npmjs.org/which-boxed-primitive/-/which-boxed-primitive-1.0.2.tgz"
  "version" "1.0.2"
  dependencies:
    "is-bigint" "^1.0.1"
    "is-boolean-object" "^1.1.0"
    "is-number-object" "^1.0.4"
    "is-string" "^1.0.5"
    "is-symbol" "^1.0.3"

"which-typed-array@^1.1.2":
  "integrity" "sha512-vjxaB4nfDqwKI0ws7wZpxIlde1XrLX5uB0ZjpfshgmapJMD7jJWhZI+yToJTqaFByF0eNBcYxbjmCzoRP7CfEw=="
  "resolved" "https://registry.npmjs.org/which-typed-array/-/which-typed-array-1.1.7.tgz"
  "version" "1.1.7"
  dependencies:
    "available-typed-arrays" "^1.0.5"
    "call-bind" "^1.0.2"
    "es-abstract" "^1.18.5"
    "foreach" "^2.0.5"
    "has-tostringtag" "^1.0.0"
    "is-typed-array" "^1.1.7"

"wrappy@1":
  "integrity" "sha1-tSQ9jz7BqjXxNkYFvA0QNuMKtp8="
  "resolved" "https://registry.npmjs.org/wrappy/-/wrappy-1.0.2.tgz"
  "version" "1.0.2"

"ws@^7.3.1":
  "integrity" "sha512-Qm8k8ojNQIMx7S+Zp8u/uHOx7Qazv3Yv4q68MiWWWOJhiwG5W3x7iqmRtJo8xxrciZUY4vRxUTJCKuRnF28ZZw=="
  "resolved" "https://registry.npmjs.org/ws/-/ws-7.4.4.tgz"
  "version" "7.4.4"
